
Microsoft Visual Studio Solution File, Format Version 12.00
# Visual Studio Version 17
VisualStudioVersion = 17.11.35327.3
MinimumVisualStudioVersion = 10.0.40219.1
Project("{FAE04EC0-301F-11D3-BF4B-00C04F79EFBC}") = "e-commerceAPI", "e-commerceAPI.csproj", "{46ED26F9-8804-48C7-A263-AC851C302D0E}"
EndProject
Global
	GlobalSection(SolutionConfigurationPlatforms) = preSolution
		Debug|Any CPU = Debug|Any CPU
		Release|Any CPU = Release|Any CPU
	EndGlobalSection
	GlobalSection(ProjectConfigurationPlatforms) = postSolution
		{46ED26F9-8804-48C7-A263-AC851C302D0E}.Debug|Any CPU.ActiveCfg = Debug|Any CPU
		{46ED26F9-8804-48C7-A263-AC851C302D0E}.Debug|Any CPU.Build.0 = Debug|Any CPU
		{46ED26F9-8804-48C7-A263-AC851C302D0E}.Release|Any CPU.ActiveCfg = Release|Any CPU
		{46ED26F9-8804-48C7-A263-AC851C302D0E}.Release|Any CPU.Build.0 = Release|Any CPU
	EndGlobalSection
	GlobalSection(SolutionProperties) = preSolution
		HideSolutionNode = FALSE
	EndGlobalSection
	GlobalSection(ExtensibilityGlobals) = postSolution
		SolutionGuid = {AEDB8BBF-0071-4AF3-8B36-12E7BC946E14}
	EndGlobalSection
EndGlobal
